// !$*UTF8*$!
{
	archiveVersion = 1;
	classes = {
	};
	objectVersion = 46;
	objects = {

/* Begin PBXBuildFile section */
		0F2940B21D545FC600FD19BA /* AppDelegate.swift in Sources */ = {isa = PBXBuildFile; fileRef = 0F2940B11D545FC600FD19BA /* AppDelegate.swift */; };
		0F2940B41D545FC600FD19BA /* MasterViewController.swift in Sources */ = {isa = PBXBuildFile; fileRef = 0F2940B31D545FC600FD19BA /* MasterViewController.swift */; };
		0F2940B61D545FC600FD19BA /* DetailViewController.swift in Sources */ = {isa = PBXBuildFile; fileRef = 0F2940B51D545FC600FD19BA /* DetailViewController.swift */; };
		0F2940B91D545FC600FD19BA /* Main.storyboard in Resources */ = {isa = PBXBuildFile; fileRef = 0F2940B71D545FC600FD19BA /* Main.storyboard */; };
		0F2940BB1D545FC600FD19BA /* Assets.xcassets in Resources */ = {isa = PBXBuildFile; fileRef = 0F2940BA1D545FC600FD19BA /* Assets.xcassets */; };
		0F2940BE1D545FC600FD19BA /* LaunchScreen.storyboard in Resources */ = {isa = PBXBuildFile; fileRef = 0F2940BC1D545FC600FD19BA /* LaunchScreen.storyboard */; };
/* End PBXBuildFile section */

/* Begin PBXFileReference section */
		0F2940AE1D545FC600FD19BA /* StormViewer.app */ = {isa = PBXFileReference; explicitFileType = wrapper.application; includeInIndex = 0; path = StormViewer.app; sourceTree = BUILT_PRODUCTS_DIR; };
		0F2940B11D545FC600FD19BA /* AppDelegate.swift */ = {isa = PBXFileReference; lastKnownFileType = sourcecode.swift; path = AppDelegate.swift; sourceTree = "<group>"; };
		0F2940B31D545FC600FD19BA /* MasterViewController.swift */ = {isa = PBXFileReference; lastKnownFileType = sourcecode.swift; path = MasterViewController.swift; sourceTree = "<group>"; };
		0F2940B51D545FC600FD19BA /* DetailViewController.swift */ = {isa = PBXFileReference; lastKnownFileType = sourcecode.swift; path = DetailViewController.swift; sourceTree = "<group>"; };
		0F2940B81D545FC600FD19BA /* Base */ = {isa = PBXFileReference; lastKnownFileType = file.storyboard; name = Base; path = Base.lproj/Main.storyboard; sourceTree = "<group>"; };
		0F2940BA1D545FC600FD19BA /* Assets.xcassets */ = {isa = PBXFileReference; lastKnownFileType = folder.assetcatalog; path = Assets.xcassets; sourceTree = "<group>"; };
		0F2940BD1D545FC600FD19BA /* Base */ = {isa = PBXFileReference; lastKnownFileType = file.storyboard; name = Base; path = Base.lproj/LaunchScreen.storyboard; sourceTree = "<group>"; };
		0F2940BF1D545FC600FD19BA /* Info.plist */ = {isa = PBXFileReference; lastKnownFileType = text.plist.xml; path = Info.plist; sourceTree = "<group>"; };
/* End PBXFileReference section */

/* Begin PBXFrameworksBuildPhase section */
		0F2940AB1D545FC600FD19BA /* Frameworks */ = {
			isa = PBXFrameworksBuildPhase;
			buildActionMask = 2147483647;
			files = (
			);
			runOnlyForDeploymentPostprocessing = 0;
		};
/* End PBXFrameworksBuildPhase section */

/* Begin PBXGroup section */
		0F2940A51D545FC600FD19BA = {
			isa = PBXGroup;
			children = (
				0F2940B01D545FC600FD19BA /* StormViewer */,
				0F2940AF1D545FC600FD19BA /* Products */,
			);
			sourceTree = "<group>";
		};
		0F2940AF1D545FC600FD19BA /* Products */ = {
			isa = PBXGroup;
			children = (
				0F2940AE1D545FC600FD19BA /* StormViewer.app */,
			);
			name = Products;
			sourceTree = "<group>";
		};
		0F2940B01D545FC600FD19BA /* StormViewer */ = {
			isa = PBXGroup;
			children = (
				0F2940B11D545FC600FD19BA /* AppDelegate.swift */,
				0F2940B31D545FC600FD19BA /* MasterViewController.swift */,
				0F2940B51D545FC600FD19BA /* DetailViewController.swift */,
				0F2940B71D545FC600FD19BA /* Main.storyboard */,
				0F2940BA1D545FC600FD19BA /* Assets.xcassets */,
				0F2940BC1D545FC600FD19BA /* LaunchScreen.storyboard */,
				0F2940BF1D545FC600FD19BA /* Info.plist */,
			);
			path = StormViewer;
			sourceTree = "<group>";
		};
/* End PBXGroup section */

/* Begin PBXNativeTarget section */
		0F2940AD1D545FC600FD19BA /* StormViewer */ = {
			isa = PBXNativeTarget;
			buildConfigurationList = 0F2940C21D545FC600FD19BA /* Build configuration list for PBXNativeTarget "StormViewer" */;
			buildPhases = (
				0F2940AA1D545FC600FD19BA /* Sources */,
				0F2940AB1D545FC600FD19BA /* Frameworks */,
				0F2940AC1D545FC600FD19BA /* Resources */,
			);
			buildRules = (
			);
			dependencies = (
			);
			name = StormViewer;
			productName = StormViewer;
			productReference = 0F2940AE1D545FC600FD19BA /* StormViewer.app */;
			productType = "com.apple.product-type.application";
		};
/* End PBXNativeTarget section */

/* Begin PBXProject section */
		0F2940A61D545FC600FD19BA /* Project object */ = {
			isa = PBXProject;
			attributes = {
				LastUpgradeCheck = 0700;
				ORGANIZATIONNAME = "My Nguyen";
				TargetAttributes = {
					0F2940AD1D545FC600FD19BA = {
						CreatedOnToolsVersion = 7.0.1;
					};
				};
			};
			buildConfigurationList = 0F2940A91D545FC600FD19BA /* Build configuration list for PBXProject "StormViewer" */;
			compatibilityVersion = "Xcode 3.2";
			developmentRegion = English;
			hasScannedForEncodings = 0;
			knownRegions = (
				en,
				Base,
			);
			mainGroup = 0F2940A51D545FC600FD19BA;
			productRefGroup = 0F2940AF1D545FC600FD19BA /* Products */;
			projectDirPath = "";
			projectRoot = "";
			targets = (
				0F2940AD1D545FC600FD19BA /* StormViewer */,
			);
		};
/* End PBXProject section */

/* Begin PBXResourcesBuildPhase section */
		0F2940AC1D545FC600FD19BA /* Resources */ = {
			isa = PBXResourcesBuildPhase;
			buildActionMask = 2147483647;
			files = (
				0F2940BE1D545FC600FD19BA /* LaunchScreen.storyboard in Resources */,
				0F2940BB1D545FC600FD19BA /* Assets.xcassets in Resources */,
				0F2940B91D545FC600FD19BA /* Main.storyboard in Resources */,
			);
			runOnlyForDeploymentPostprocessing = 0;
		};
/* End PBXResourcesBuildPhase section */

/* Begin PBXSourcesBuildPhase section */
		0F2940AA1D545FC600FD19BA /* Sources */ = {
			isa = PBXSourcesBuildPhase;
			buildActionMask = 2147483647;
			files = (
				0F2940B61D545FC600FD19BA /* DetailViewController.swift in Sources */,
				0F2940B41D545FC600FD19BA /* MasterViewController.swift in Sources */,
				0F2940B21D545FC600FD19BA /* AppDelegate.swift in Sources */,
			);
			runOnlyForDeploymentPostprocessing = 0;
		};
/* End PBXSourcesBuildPhase section */

/* Begin PBXVariantGroup section */
		0F2940B71D545FC600FD19BA /* Main.storyboard */ = {
			isa = PBXVariantGroup;
			children = (
				0F2940B81D545FC600FD19BA /* Base */,
			);
			name = Main.storyboard;
			sourceTree = "<group>";
		};
		0F2940BC1D545FC600FD19BA /* LaunchScreen.storyboard */ = {
			isa = PBXVariantGroup;
			children = (
				0F2940BD1D545FC600FD19BA /* Base */,
			);
			name = LaunchScreen.storyboard;
			sourceTree = "<group>";
		};
/* End PBXVariantGroup section */

/* Begin XCBuildConfiguration section */
		0F2940C01D545FC600FD19BA /* Debug */ = {
			isa = XCBuildConfiguration;
			buildSettings = {
				ALWAYS_SEARCH_USER_PATHS = NO;
				CLANG_CXX_LANGUAGE_STANDARD = "gnu++0x";
				CLANG_CXX_LIBRARY = "libc++";
				CLANG_ENABLE_MODULES = YES;
				CLANG_ENABLE_OBJC_ARC = YES;
				CLANG_WARN_BOOL_CONVERSION = YES;
				CLANG_WARN_CONSTANT_CONVERSION = YES;
				CLANG_WARN_DIRECT_OBJC_ISA_USAGE = YES_ERROR;
				CLANG_WARN_EMPTY_BODY = YES;
				CLANG_WARN_ENUM_CONVERSION = YES;
				CLANG_WARN_INT_CONVERSION = YES;
				CLANG_WARN_OBJC_ROOT_CLASS = YES_ERROR;
				CLANG_WARN_UNREACHABLE_CODE = YES;
				CLANG_WARN__DUPLICATE_METHOD_MATCH = YES;
				"CODE_SIGN_IDENTITY[sdk=iphoneos*]" = "iPhone Developer";
				COPY_PHASE_STRIP = NO;
				DEBUG_INFORMATION_FORMAT = dwarf;
				ENABLE_STRICT_OBJC_MSGSEND = YES;
				ENABLE_TESTABILITY = YES;
				GCC_C_LANGUAGE_STANDARD = gnu99;
				GCC_DYNAMIC_NO_PIC = NO;
				GCC_NO_COMMON_BLOCKS = YES;
				GCC_OPTIMIZATION_LEVEL = 0;
				GCC_PREPROCESSOR_DEFINITIONS = (
					"DEBUG=1",
					"$(inherited)",
				);
				GCC_WARN_64_TO_32_BIT_CONVERSION = YES;
				GCC_WARN_ABOUT_RETURN_TYPE = YES_ERROR;
				GCC_WARN_UNDECLARED_SELECTOR = YES;
				GCC_WARN_UNINITIALIZED_AUTOS = YES_AGGRESSIVE;
				GCC_WARN_UNUSED_FUNCTION = YES;
				GCC_WARN_UNUSED_VARIABLE = YES;
				IPHONEOS_DEPLOYMENT_TARGET = 9.0;
				MTL_ENABLE_DEBUG_INFO = YES;
				ONLY_ACTIVE_ARCH = YES;
				SDKROOT = iphoneos;
				SWIFT_OPTIMIZATION_LEVEL = "-Onone";
				TARGETED_DEVICE_FAMILY = "1,2";
			};
			name = Debug;
		};
		0F2940C11D545FC600FD19BA /* Release */ = {
			isa = XCBuildConfiguration;
			buildSettings = {
				ALWAYS_SEARCH_USER_PATHS = NO;
				CLANG_CXX_LANGUAGE_STANDARD = "gnu++0x";
				CLANG_CXX_LIBRARY = "libc++";
				CLANG_ENABLE_MODULES = YES;
				CLANG_ENABLE_OBJC_ARC = YES;
				CLANG_WARN_BOOL_CONVERSION = YES;
				CLANG_WARN_CONSTANT_CONVERSION = YES;
				CLANG_WARN_DIRECT_OBJC_ISA_USAGE = YES_ERROR;
				CLANG_WARN_EMPTY_BODY = YES;
				CLANG_WARN_ENUM_CONVERSION = YES;
				CLANG_WARN_INT_CONVERSION = YES;
				CLANG_WARN_OBJC_ROOT_CLASS = YES_ERROR;
				CLANG_WARN_UNREACHABLE_CODE = YES;
				CLANG_WARN__DUPLICATE_METHOD_MATCH = YES;
				"CODE_SIGN_IDENTITY[sdk=iphoneos*]" = "iPhone Developer";
				COPY_PHASE_STRIP = NO;
				DEBUG_INFORMATION_FORMAT = "dwarf-with-dsym";
				ENABLE_NS_ASSERTIONS = NO;
				ENABLE_STRICT_OBJC_MSGSEND = YES;
				GCC_C_LANGUAGE_STANDARD = gnu99;
				GCC_NO_COMMON_BLOCKS = YES;
				GCC_WARN_64_TO_32_BIT_CONVERSION = YES;
				GCC_WARN_ABOUT_RETURN_TYPE = YES_ERROR;
				GCC_WARN_UNDECLARED_SELECTOR = YES;
				GCC_WARN_UNINITIALIZED_AUTOS = YES_AGGRESSIVE;
				GCC_WARN_UNUSED_FUNCTION = YES;
				GCC_WARN_UNUSED_VARIABLE = YES;
				IPHONEOS_DEPLOYMENT_TARGET = 9.0;
				MTL_ENABLE_DEBUG_INFO = NO;
				SDKROOT = iphoneos;
				TARGETED_DEVICE_FAMILY = "1,2";
				VALIDATE_PRODUCT = YES;
			};
			name = Release;
		};
		0F2940C31D545FC600FD19BA /* Debug */ = {
			isa = XCBuildConfiguration;
			buildSettings = {
				ASSETCATALOG_COMPILER_APPICON_NAME = AppIcon;
				INFOPLIST_FILE = StormViewer/Info.plist;
				LD_RUNPATH_SEARCH_PATHS = "$(inherited) @executable_path/Frameworks";
				PRODUCT_BUNDLE_IDENTIFIER = com.nguyen.StormViewer;
				PRODUCT_NAME = "$(TARGET_NAME)";
			};
			name = Debug;
		};
		0F2940C41D545FC600FD19BA /* Release */ = {
			isa = XCBuildConfiguration;
			buildSettings = {
				ASSETCATALOG_COMPILER_APPICON_NAME = AppIcon;
				INFOPLIST_FILE = StormViewer/Info.plist;
				LD_RUNPATH_SEARCH_PATHS = "$(inherited) @executable_path/Frameworks";
				PRODUCT_BUNDLE_IDENTIFIER = com.nguyen.StormViewer;
				PRODUCT_NAME = "$(TARGET_NAME)";
			};
			name = Release;
		};
/* End XCBuildConfiguration section */

/* Begin XCConfigurationList section */
		0F2940A91D545FC600FD19BA /* Build configuration list for PBXProject "StormViewer" */ = {
			isa = XCConfigurationList;
			buildConfigurations = (
				0F2940C01D545FC600FD19BA /* Debug */,
				0F2940C11D545FC600FD19BA /* Release */,
			);
			defaultConfigurationIsVisible = 0;
			defaultConfigurationName = Release;
		};
		0F2940C21D545FC600FD19BA /* Build configuration list for PBXNativeTarget "StormViewer" */ = {
			isa = XCConfigurationList;
			buildConfigurations = (
				0F2940C31D545FC600FD19BA /* Debug */,
				0F2940C41D545FC600FD19BA /* Release */,
			);
			defaultConfigurationIsVisible = 0;
		};
/* End XCConfigurationList section */
	};
	rootObject = 0F2940A61D545FC600FD19BA /* Project object */;
}
